PODS:
  - Alamofire (5.4.0)
  - AlamofireImage (4.1.0):
    - Alamofire (~> 5.1)
  - McPicker (3.0.0)
  - Stripe (21.2.1):
    - Stripe/Stripe3DS2 (= 21.2.1)
  - Stripe/Stripe3DS2 (21.2.1)

DEPENDENCIES:
  - Alamofire
  - AlamofireImage
  - McPicker
  - Stripe

SPEC REPOS:
  trunk:
    - Alamofire
    - AlamofireImage
    - McPicker
    - Stripe

SPEC CHECKSUMS:
  Alamofire: 3b6a534a3df22db367e4dedeeca73d1ddfcf0e2f
  AlamofireImage: c4a2ba349885fb3064feb74d2e547bd42ce9be10
  McPicker: ba38be56a8194faa5249eca4226c364eed628044
  Stripe: ff769d6739fbb7a60592bf665fc0e0df7db0c284

PODFILE CHECKSUM: 532084802424d6ad45fb9bb96b969ccb85c8d305

COCOAPODS: 1.10.1
