// !$*UTF8*$!
{
	archiveVersion = 1;
	classes = {
	};
	objectVersion = 51;
	objects = {

/* Begin PBXBuildFile section */
		2810B1CC2358E85600E04235 /* expand-down-black@2x.png in Resources */ = {isa = PBXBuildFile; fileRef = 2810B1C82358E85600E04235 /* expand-down-black@2x.png */; };
		2810B1CD2358E85600E04235 /* expand-down-white@2x.png in Resources */ = {isa = PBXBuildFile; fileRef = 2810B1C92358E85600E04235 /* expand-down-white@2x.png */; };
		2810B1CE2358E85600E04235 /* expand-down-white@3x.png in Resources */ = {isa = PBXBuildFile; fileRef = 2810B1CA2358E85600E04235 /* expand-down-white@3x.png */; };
		2810B1CF2358E85600E04235 /* expand-down-black@3x.png in Resources */ = {isa = PBXBuildFile; fileRef = 2810B1CB2358E85600E04235 /* expand-down-black@3x.png */; };
		28591EB023564B4200611353 /* Styles.swift in Sources */ = {isa = PBXBuildFile; fileRef = 28591EAF23564B4200611353 /* Styles.swift */; };
		28A32D062337E7C7004F1A5E /* ProductDescriptionScrollView.swift in Sources */ = {isa = PBXBuildFile; fileRef = 28A32D052337E7C7004F1A5E /* ProductDescriptionScrollView.swift */; };
		28A32D082337FD22004F1A5E /* VariantSelectionHeaderView.swift in Sources */ = {isa = PBXBuildFile; fileRef = 28A32D072337FD22004F1A5E /* VariantSelectionHeaderView.swift */; };
		28AE865522C6D279005F2D2D /* Localizable.strings in Resources */ = {isa = PBXBuildFile; fileRef = 28AE864B22C6D279005F2D2D /* Localizable.strings */; };
		28AE865622C6D279005F2D2D /* ProductViewController.swift in Sources */ = {isa = PBXBuildFile; fileRef = 28AE864D22C6D279005F2D2D /* ProductViewController.swift */; };
		28AE865722C6D279005F2D2D /* ActivityIndicatorPresenter.swift in Sources */ = {isa = PBXBuildFile; fileRef = 28AE864E22C6D279005F2D2D /* ActivityIndicatorPresenter.swift */; };
		28AE865822C6D279005F2D2D /* VariantSelectionViewController.swift in Sources */ = {isa = PBXBuildFile; fileRef = 28AE864F22C6D279005F2D2D /* VariantSelectionViewController.swift */; };
		28AE865922C6D279005F2D2D /* Monetizr.swift in Sources */ = {isa = PBXBuildFile; fileRef = 28AE865022C6D279005F2D2D /* Monetizr.swift */; };
		28AE865A22C6D279005F2D2D /* Extensions.swift in Sources */ = {isa = PBXBuildFile; fileRef = 28AE865122C6D279005F2D2D /* Extensions.swift */; };
		28AE865B22C6D279005F2D2D /* Product.swift in Sources */ = {isa = PBXBuildFile; fileRef = 28AE865222C6D279005F2D2D /* Product.swift */; };
		28AE865C22C6D279005F2D2D /* Checkout.swift in Sources */ = {isa = PBXBuildFile; fileRef = 28AE865322C6D279005F2D2D /* Checkout.swift */; };
		28AE865D22C6D279005F2D2D /* Device.swift in Sources */ = {isa = PBXBuildFile; fileRef = 28AE865422C6D279005F2D2D /* Device.swift */; };
		28E6B78F2262109300E43C83 /* AppDelegate.swift in Sources */ = {isa = PBXBuildFile; fileRef = 28E6B78E2262109300E43C83 /* AppDelegate.swift */; };
		28E6B7912262109300E43C83 /* ViewController.swift in Sources */ = {isa = PBXBuildFile; fileRef = 28E6B7902262109300E43C83 /* ViewController.swift */; };
		28E6B7942262109300E43C83 /* Main.storyboard in Resources */ = {isa = PBXBuildFile; fileRef = 28E6B7922262109300E43C83 /* Main.storyboard */; };
		28E6B7962262109500E43C83 /* Assets.xcassets in Resources */ = {isa = PBXBuildFile; fileRef = 28E6B7952262109500E43C83 /* Assets.xcassets */; };
		28E6B7992262109500E43C83 /* LaunchScreen.storyboard in Resources */ = {isa = PBXBuildFile; fileRef = 28E6B7972262109500E43C83 /* LaunchScreen.storyboard */; };
		28F1AAA5230B11D30039FF7E /* ApplePayViewController.swift in Sources */ = {isa = PBXBuildFile; fileRef = 28F1AAA4230B11D30039FF7E /* ApplePayViewController.swift */; };
		F17B7801DCFCEB8AFD9A8583 /* Pods_Monetizr_v3_sample_app.framework in Frameworks */ = {isa = PBXBuildFile; fileRef = 65559E57BADEC403D653B27A /* Pods_Monetizr_v3_sample_app.framework */; };
/* End PBXBuildFile section */

/* Begin PBXFileReference section */
		2810B1C82358E85600E04235 /* expand-down-black@2x.png */ = {isa = PBXFileReference; lastKnownFileType = image.png; path = "expand-down-black@2x.png"; sourceTree = "<group>"; };
		2810B1C92358E85600E04235 /* expand-down-white@2x.png */ = {isa = PBXFileReference; lastKnownFileType = image.png; path = "expand-down-white@2x.png"; sourceTree = "<group>"; };
		2810B1CA2358E85600E04235 /* expand-down-white@3x.png */ = {isa = PBXFileReference; lastKnownFileType = image.png; path = "expand-down-white@3x.png"; sourceTree = "<group>"; };
		2810B1CB2358E85600E04235 /* expand-down-black@3x.png */ = {isa = PBXFileReference; lastKnownFileType = image.png; path = "expand-down-black@3x.png"; sourceTree = "<group>"; };
		28591EAF23564B4200611353 /* Styles.swift */ = {isa = PBXFileReference; lastKnownFileType = sourcecode.swift; path = Styles.swift; sourceTree = "<group>"; };
		2897E16F2301DACB00C4A2DE /* Monetizr-v3-sample-app.entitlements */ = {isa = PBXFileReference; lastKnownFileType = text.plist.entitlements; path = "Monetizr-v3-sample-app.entitlements"; sourceTree = "<group>"; };
		28A32D052337E7C7004F1A5E /* ProductDescriptionScrollView.swift */ = {isa = PBXFileReference; lastKnownFileType = sourcecode.swift; path = ProductDescriptionScrollView.swift; sourceTree = "<group>"; };
		28A32D072337FD22004F1A5E /* VariantSelectionHeaderView.swift */ = {isa = PBXFileReference; lastKnownFileType = sourcecode.swift; path = VariantSelectionHeaderView.swift; sourceTree = "<group>"; };
		28AE864C22C6D279005F2D2D /* en */ = {isa = PBXFileReference; lastKnownFileType = text.plist.strings; name = en; path = en.lproj/Localizable.strings; sourceTree = "<group>"; };
		28AE864D22C6D279005F2D2D /* ProductViewController.swift */ = {isa = PBXFileReference; fileEncoding = 4; lastKnownFileType = sourcecode.swift; path = ProductViewController.swift; sourceTree = "<group>"; };
		28AE864E22C6D279005F2D2D /* ActivityIndicatorPresenter.swift */ = {isa = PBXFileReference; fileEncoding = 4; lastKnownFileType = sourcecode.swift; path = ActivityIndicatorPresenter.swift; sourceTree = "<group>"; };
		28AE864F22C6D279005F2D2D /* VariantSelectionViewController.swift */ = {isa = PBXFileReference; fileEncoding = 4; lastKnownFileType = sourcecode.swift; path = VariantSelectionViewController.swift; sourceTree = "<group>"; };
		28AE865022C6D279005F2D2D /* Monetizr.swift */ = {isa = PBXFileReference; fileEncoding = 4; lastKnownFileType = sourcecode.swift; path = Monetizr.swift; sourceTree = "<group>"; };
		28AE865122C6D279005F2D2D /* Extensions.swift */ = {isa = PBXFileReference; fileEncoding = 4; lastKnownFileType = sourcecode.swift; path = Extensions.swift; sourceTree = "<group>"; };
		28AE865222C6D279005F2D2D /* Product.swift */ = {isa = PBXFileReference; fileEncoding = 4; lastKnownFileType = sourcecode.swift; path = Product.swift; sourceTree = "<group>"; };
		28AE865322C6D279005F2D2D /* Checkout.swift */ = {isa = PBXFileReference; fileEncoding = 4; lastKnownFileType = sourcecode.swift; path = Checkout.swift; sourceTree = "<group>"; };
		28AE865422C6D279005F2D2D /* Device.swift */ = {isa = PBXFileReference; fileEncoding = 4; lastKnownFileType = sourcecode.swift; path = Device.swift; sourceTree = "<group>"; };
		28E6B78B2262109300E43C83 /* Monetizr-v3-sample-app.app */ = {isa = PBXFileReference; explicitFileType = wrapper.application; includeInIndex = 0; path = "Monetizr-v3-sample-app.app"; sourceTree = BUILT_PRODUCTS_DIR; };
		28E6B78E2262109300E43C83 /* AppDelegate.swift */ = {isa = PBXFileReference; lastKnownFileType = sourcecode.swift; path = AppDelegate.swift; sourceTree = "<group>"; };
		28E6B7902262109300E43C83 /* ViewController.swift */ = {isa = PBXFileReference; lastKnownFileType = sourcecode.swift; path = ViewController.swift; sourceTree = "<group>"; };
		28E6B7932262109300E43C83 /* Base */ = {isa = PBXFileReference; lastKnownFileType = file.storyboard; name = Base; path = Base.lproj/Main.storyboard; sourceTree = "<group>"; };
		28E6B7952262109500E43C83 /* Assets.xcassets */ = {isa = PBXFileReference; lastKnownFileType = folder.assetcatalog; path = Assets.xcassets; sourceTree = "<group>"; };
		28E6B7982262109500E43C83 /* Base */ = {isa = PBXFileReference; lastKnownFileType = file.storyboard; name = Base; path = Base.lproj/LaunchScreen.storyboard; sourceTree = "<group>"; };
		28E6B79A2262109500E43C83 /* Info.plist */ = {isa = PBXFileReference; lastKnownFileType = text.plist.xml; path = Info.plist; sourceTree = "<group>"; };
		28F1AAA4230B11D30039FF7E /* ApplePayViewController.swift */ = {isa = PBXFileReference; lastKnownFileType = sourcecode.swift; path = ApplePayViewController.swift; sourceTree = "<group>"; };
		36BF1201E621B75EEE391125 /* Pods-Monetizr-v3-sample-app.debug.xcconfig */ = {isa = PBXFileReference; includeInIndex = 1; lastKnownFileType = text.xcconfig; name = "Pods-Monetizr-v3-sample-app.debug.xcconfig"; path = "Target Support Files/Pods-Monetizr-v3-sample-app/Pods-Monetizr-v3-sample-app.debug.xcconfig"; sourceTree = "<group>"; };
		65559E57BADEC403D653B27A /* Pods_Monetizr_v3_sample_app.framework */ = {isa = PBXFileReference; explicitFileType = wrapper.framework; includeInIndex = 0; path = Pods_Monetizr_v3_sample_app.framework; sourceTree = BUILT_PRODUCTS_DIR; };
		77A3F60495AE31152A231C31 /* Pods-Monetizr-v3-sample-app.release.xcconfig */ = {isa = PBXFileReference; includeInIndex = 1; lastKnownFileType = text.xcconfig; name = "Pods-Monetizr-v3-sample-app.release.xcconfig"; path = "Target Support Files/Pods-Monetizr-v3-sample-app/Pods-Monetizr-v3-sample-app.release.xcconfig"; sourceTree = "<group>"; };
/* End PBXFileReference section */

/* Begin PBXFrameworksBuildPhase section */
		28E6B7882262109300E43C83 /* Frameworks */ = {
			isa = PBXFrameworksBuildPhase;
			buildActionMask = 2147483647;
			files = (
				F17B7801DCFCEB8AFD9A8583 /* Pods_Monetizr_v3_sample_app.framework in Frameworks */,
			);
			runOnlyForDeploymentPostprocessing = 0;
		};
/* End PBXFrameworksBuildPhase section */

/* Begin PBXGroup section */
		2847C68223422BCD004EE18B /* Assets */ = {
			isa = PBXGroup;
			children = (
				2810B1C82358E85600E04235 /* expand-down-black@2x.png */,
				2810B1CB2358E85600E04235 /* expand-down-black@3x.png */,
				2810B1C92358E85600E04235 /* expand-down-white@2x.png */,
				2810B1CA2358E85600E04235 /* expand-down-white@3x.png */,
			);
			path = Assets;
			sourceTree = "<group>";
		};
		28AE864A22C6D279005F2D2D /* Monetizr-SDK */ = {
			isa = PBXGroup;
			children = (
				2847C68223422BCD004EE18B /* Assets */,
				28AE864B22C6D279005F2D2D /* Localizable.strings */,
				28AE864D22C6D279005F2D2D /* ProductViewController.swift */,
				28AE864E22C6D279005F2D2D /* ActivityIndicatorPresenter.swift */,
				28AE864F22C6D279005F2D2D /* VariantSelectionViewController.swift */,
				28AE865022C6D279005F2D2D /* Monetizr.swift */,
				28AE865122C6D279005F2D2D /* Extensions.swift */,
				28591EAF23564B4200611353 /* Styles.swift */,
				28AE865222C6D279005F2D2D /* Product.swift */,
				28AE865322C6D279005F2D2D /* Checkout.swift */,
				28AE865422C6D279005F2D2D /* Device.swift */,
				28F1AAA4230B11D30039FF7E /* ApplePayViewController.swift */,
				28A32D052337E7C7004F1A5E /* ProductDescriptionScrollView.swift */,
				28A32D072337FD22004F1A5E /* VariantSelectionHeaderView.swift */,
			);
			name = "Monetizr-SDK";
			path = "../Monetizr-SDK";
			sourceTree = "<group>";
		};
		28E6B7822262109300E43C83 = {
			isa = PBXGroup;
			children = (
				28AE864A22C6D279005F2D2D /* Monetizr-SDK */,
				28E6B78D2262109300E43C83 /* Monetizr-v3-sample-app */,
				28E6B78C2262109300E43C83 /* Products */,
				B17220C86D22AF95575764A2 /* Pods */,
				D91D4358D49DE1A2E982E2E0 /* Frameworks */,
			);
			sourceTree = "<group>";
		};
		28E6B78C2262109300E43C83 /* Products */ = {
			isa = PBXGroup;
			children = (
				28E6B78B2262109300E43C83 /* Monetizr-v3-sample-app.app */,
			);
			name = Products;
			sourceTree = "<group>";
		};
		28E6B78D2262109300E43C83 /* Monetizr-v3-sample-app */ = {
			isa = PBXGroup;
			children = (
				2897E16F2301DACB00C4A2DE /* Monetizr-v3-sample-app.entitlements */,
				28E6B78E2262109300E43C83 /* AppDelegate.swift */,
				28E6B7902262109300E43C83 /* ViewController.swift */,
				28E6B7922262109300E43C83 /* Main.storyboard */,
				28E6B7952262109500E43C83 /* Assets.xcassets */,
				28E6B7972262109500E43C83 /* LaunchScreen.storyboard */,
				28E6B79A2262109500E43C83 /* Info.plist */,
			);
			path = "Monetizr-v3-sample-app";
			sourceTree = "<group>";
		};
		B17220C86D22AF95575764A2 /* Pods */ = {
			isa = PBXGroup;
			children = (
				36BF1201E621B75EEE391125 /* Pods-Monetizr-v3-sample-app.debug.xcconfig */,
				77A3F60495AE31152A231C31 /* Pods-Monetizr-v3-sample-app.release.xcconfig */,
			);
			path = Pods;
			sourceTree = "<group>";
		};
		D91D4358D49DE1A2E982E2E0 /* Frameworks */ = {
			isa = PBXGroup;
			children = (
				65559E57BADEC403D653B27A /* Pods_Monetizr_v3_sample_app.framework */,
			);
			name = Frameworks;
			sourceTree = "<group>";
		};
/* End PBXGroup section */

/* Begin PBXNativeTarget section */
		28E6B78A2262109300E43C83 /* Monetizr-v3-sample-app */ = {
			isa = PBXNativeTarget;
			buildConfigurationList = 28E6B79D2262109500E43C83 /* Build configuration list for PBXNativeTarget "Monetizr-v3-sample-app" */;
			buildPhases = (
				96B072E0839DE602660D6096 /* [CP] Check Pods Manifest.lock */,
				28E6B7872262109300E43C83 /* Sources */,
				28E6B7882262109300E43C83 /* Frameworks */,
				28E6B7A02262195300E43C83 /* ShellScript */,
				28E6B7892262109300E43C83 /* Resources */,
				26FB94B6EC1EDD0A548CFF8B /* [CP] Embed Pods Frameworks */,
			);
			buildRules = (
			);
			dependencies = (
			);
			name = "Monetizr-v3-sample-app";
			productName = "Monetizr-v3-sample-app";
			productReference = 28E6B78B2262109300E43C83 /* Monetizr-v3-sample-app.app */;
			productType = "com.apple.product-type.application";
		};
/* End PBXNativeTarget section */

/* Begin PBXProject section */
		28E6B7832262109300E43C83 /* Project object */ = {
			isa = PBXProject;
			attributes = {
				LastSwiftUpdateCheck = 1020;
				LastUpgradeCheck = 1020;
				ORGANIZATIONNAME = Monetizr;
				TargetAttributes = {
					28E6B78A2262109300E43C83 = {
						CreatedOnToolsVersion = 10.2;
						SystemCapabilities = {
							com.apple.ApplePay = {
								enabled = 1;
							};
						};
					};
				};
			};
			buildConfigurationList = 28E6B7862262109300E43C83 /* Build configuration list for PBXProject "Monetizr-v3-sample-app" */;
			compatibilityVersion = "Xcode 9.3";
			developmentRegion = en;
			hasScannedForEncodings = 0;
			knownRegions = (
				en,
				Base,
			);
			mainGroup = 28E6B7822262109300E43C83;
			productRefGroup = 28E6B78C2262109300E43C83 /* Products */;
			projectDirPath = "";
			projectRoot = "";
			targets = (
				28E6B78A2262109300E43C83 /* Monetizr-v3-sample-app */,
			);
		};
/* End PBXProject section */

/* Begin PBXResourcesBuildPhase section */
		28E6B7892262109300E43C83 /* Resources */ = {
			isa = PBXResourcesBuildPhase;
			buildActionMask = 2147483647;
			files = (
				2810B1CD2358E85600E04235 /* expand-down-white@2x.png in Resources */,
				28E6B7992262109500E43C83 /* LaunchScreen.storyboard in Resources */,
				28AE865522C6D279005F2D2D /* Localizable.strings in Resources */,
				28E6B7962262109500E43C83 /* Assets.xcassets in Resources */,
				2810B1CE2358E85600E04235 /* expand-down-white@3x.png in Resources */,
				2810B1CF2358E85600E04235 /* expand-down-black@3x.png in Resources */,
				2810B1CC2358E85600E04235 /* expand-down-black@2x.png in Resources */,
				28E6B7942262109300E43C83 /* Main.storyboard in Resources */,
			);
			runOnlyForDeploymentPostprocessing = 0;
		};
/* End PBXResourcesBuildPhase section */

/* Begin PBXShellScriptBuildPhase section */
		26FB94B6EC1EDD0A548CFF8B /* [CP] Embed Pods Frameworks */ = {
			isa = PBXShellScriptBuildPhase;
			buildActionMask = 2147483647;
			files = (
			);
			inputFileListPaths = (
				"${PODS_ROOT}/Target Support Files/Pods-Monetizr-v3-sample-app/Pods-Monetizr-v3-sample-app-frameworks-${CONFIGURATION}-input-files.xcfilelist",
			);
			name = "[CP] Embed Pods Frameworks";
			outputFileListPaths = (
				"${PODS_ROOT}/Target Support Files/Pods-Monetizr-v3-sample-app/Pods-Monetizr-v3-sample-app-frameworks-${CONFIGURATION}-output-files.xcfilelist",
			);
			runOnlyForDeploymentPostprocessing = 0;
			shellPath = /bin/sh;
			shellScript = "\"${PODS_ROOT}/Target Support Files/Pods-Monetizr-v3-sample-app/Pods-Monetizr-v3-sample-app-frameworks.sh\"\n";
			showEnvVarsInLog = 0;
		};
		28E6B7A02262195300E43C83 /* ShellScript */ = {
			isa = PBXShellScriptBuildPhase;
			buildActionMask = 2147483647;
			files = (
			);
			inputFileListPaths = (
			);
			inputPaths = (
			);
			outputFileListPaths = (
			);
			outputPaths = (
			);
			runOnlyForDeploymentPostprocessing = 0;
			shellPath = /bin/sh;
			shellScript = "buildNumber=$(/usr/libexec/PlistBuddy -c \"Print CFBundleVersion\" \"$INFOPLIST_FILE\")\nbuildNumber=$(($buildNumber + 1))\n/usr/libexec/PlistBuddy -c \"Set :CFBundleVersion $buildNumber\" \"$INFOPLIST_FILE\"\n\n";
		};
		96B072E0839DE602660D6096 /* [CP] Check Pods Manifest.lock */ = {
			isa = PBXShellScriptBuildPhase;
			buildActionMask = 2147483647;
			files = (
			);
			inputFileListPaths = (
			);
			inputPaths = (
				"${PODS_PODFILE_DIR_PATH}/Podfile.lock",
				"${PODS_ROOT}/Manifest.lock",
			);
			name = "[CP] Check Pods Manifest.lock";
			outputFileListPaths = (
			);
			outputPaths = (
				"$(DERIVED_FILE_DIR)/Pods-Monetizr-v3-sample-app-checkManifestLockResult.txt",
			);
			runOnlyForDeploymentPostprocessing = 0;
			shellPath = /bin/sh;
			shellScript = "diff \"${PODS_PODFILE_DIR_PATH}/Podfile.lock\" \"${PODS_ROOT}/Manifest.lock\" > /dev/null\nif [ $? != 0 ] ; then\n    # print error to STDERR\n    echo \"error: The sandbox is not in sync with the Podfile.lock. Run 'pod install' or update your CocoaPods installation.\" >&2\n    exit 1\nfi\n# This output is used by Xcode 'outputs' to avoid re-running this script phase.\necho \"SUCCESS\" > \"${SCRIPT_OUTPUT_FILE_0}\"\n";
			showEnvVarsInLog = 0;
		};
/* End PBXShellScriptBuildPhase section */

/* Begin PBXSourcesBuildPhase section */
		28E6B7872262109300E43C83 /* Sources */ = {
			isa = PBXSourcesBuildPhase;
			buildActionMask = 2147483647;
			files = (
				28A32D062337E7C7004F1A5E /* ProductDescriptionScrollView.swift in Sources */,
				28591EB023564B4200611353 /* Styles.swift in Sources */,
				28AE865622C6D279005F2D2D /* ProductViewController.swift in Sources */,
				28AE865B22C6D279005F2D2D /* Product.swift in Sources */,
				28AE865922C6D279005F2D2D /* Monetizr.swift in Sources */,
				28AE865C22C6D279005F2D2D /* Checkout.swift in Sources */,
				28E6B7912262109300E43C83 /* ViewController.swift in Sources */,
				28AE865722C6D279005F2D2D /* ActivityIndicatorPresenter.swift in Sources */,
				28E6B78F2262109300E43C83 /* AppDelegate.swift in Sources */,
				28AE865822C6D279005F2D2D /* VariantSelectionViewController.swift in Sources */,
				28A32D082337FD22004F1A5E /* VariantSelectionHeaderView.swift in Sources */,
				28AE865A22C6D279005F2D2D /* Extensions.swift in Sources */,
				28F1AAA5230B11D30039FF7E /* ApplePayViewController.swift in Sources */,
				28AE865D22C6D279005F2D2D /* Device.swift in Sources */,
			);
			runOnlyForDeploymentPostprocessing = 0;
		};
/* End PBXSourcesBuildPhase section */

/* Begin PBXVariantGroup section */
		28AE864B22C6D279005F2D2D /* Localizable.strings */ = {
			isa = PBXVariantGroup;
			children = (
				28AE864C22C6D279005F2D2D /* en */,
			);
			name = Localizable.strings;
			sourceTree = "<group>";
		};
		28E6B7922262109300E43C83 /* Main.storyboard */ = {
			isa = PBXVariantGroup;
			children = (
				28E6B7932262109300E43C83 /* Base */,
			);
			name = Main.storyboard;
			sourceTree = "<group>";
		};
		28E6B7972262109500E43C83 /* LaunchScreen.storyboard */ = {
			isa = PBXVariantGroup;
			children = (
				28E6B7982262109500E43C83 /* Base */,
			);
			name = LaunchScreen.storyboard;
			sourceTree = "<group>";
		};
/* End PBXVariantGroup section */

/* Begin XCBuildConfiguration section */
		28E6B79B2262109500E43C83 /* Debug */ = {
			isa = XCBuildConfiguration;
			buildSettings = {
				ALWAYS_SEARCH_USER_PATHS = NO;
				CLANG_ANALYZER_NONNULL = YES;
				CLANG_ANALYZER_NUMBER_OBJECT_CONVERSION = YES_AGGRESSIVE;
				CLANG_CXX_LANGUAGE_STANDARD = "gnu++14";
				CLANG_CXX_LIBRARY = "libc++";
				CLANG_ENABLE_MODULES = YES;
				CLANG_ENABLE_OBJC_ARC = YES;
				CLANG_ENABLE_OBJC_WEAK = YES;
				CLANG_WARN_BLOCK_CAPTURE_AUTORELEASING = YES;
				CLANG_WARN_BOOL_CONVERSION = YES;
				CLANG_WARN_COMMA = YES;
				CLANG_WARN_CONSTANT_CONVERSION = YES;
				CLANG_WARN_DEPRECATED_OBJC_IMPLEMENTATIONS = YES;
				CLANG_WARN_DIRECT_OBJC_ISA_USAGE = YES_ERROR;
				CLANG_WARN_DOCUMENTATION_COMMENTS = YES;
				CLANG_WARN_EMPTY_BODY = YES;
				CLANG_WARN_ENUM_CONVERSION = YES;
				CLANG_WARN_INFINITE_RECURSION = YES;
				CLANG_WARN_INT_CONVERSION = YES;
				CLANG_WARN_NON_LITERAL_NULL_CONVERSION = YES;
				CLANG_WARN_OBJC_IMPLICIT_RETAIN_SELF = YES;
				CLANG_WARN_OBJC_LITERAL_CONVERSION = YES;
				CLANG_WARN_OBJC_ROOT_CLASS = YES_ERROR;
				CLANG_WARN_RANGE_LOOP_ANALYSIS = YES;
				CLANG_WARN_STRICT_PROTOTYPES = YES;
				CLANG_WARN_SUSPICIOUS_MOVE = YES;
				CLANG_WARN_UNGUARDED_AVAILABILITY = YES_AGGRESSIVE;
				CLANG_WARN_UNREACHABLE_CODE = YES;
				CLANG_WARN__DUPLICATE_METHOD_MATCH = YES;
				CODE_SIGN_IDENTITY = "iPhone Developer";
				COPY_PHASE_STRIP = NO;
				DEBUG_INFORMATION_FORMAT = dwarf;
				ENABLE_STRICT_OBJC_MSGSEND = YES;
				ENABLE_TESTABILITY = YES;
				GCC_C_LANGUAGE_STANDARD = gnu11;
				GCC_DYNAMIC_NO_PIC = NO;
				GCC_NO_COMMON_BLOCKS = YES;
				GCC_OPTIMIZATION_LEVEL = 0;
				GCC_PREPROCESSOR_DEFINITIONS = (
					"DEBUG=1",
					"$(inherited)",
				);
				GCC_WARN_64_TO_32_BIT_CONVERSION = YES;
				GCC_WARN_ABOUT_RETURN_TYPE = YES_ERROR;
				GCC_WARN_UNDECLARED_SELECTOR = YES;
				GCC_WARN_UNINITIALIZED_AUTOS = YES_AGGRESSIVE;
				GCC_WARN_UNUSED_FUNCTION = YES;
				GCC_WARN_UNUSED_VARIABLE = YES;
				IPHONEOS_DEPLOYMENT_TARGET = 10.0;
				MTL_ENABLE_DEBUG_INFO = INCLUDE_SOURCE;
				MTL_FAST_MATH = YES;
				ONLY_ACTIVE_ARCH = YES;
				SDKROOT = iphoneos;
				SWIFT_ACTIVE_COMPILATION_CONDITIONS = DEBUG;
				SWIFT_OPTIMIZATION_LEVEL = "-Onone";
			};
			name = Debug;
		};
		28E6B79C2262109500E43C83 /* Release */ = {
			isa = XCBuildConfiguration;
			buildSettings = {
				ALWAYS_SEARCH_USER_PATHS = NO;
				CLANG_ANALYZER_NONNULL = YES;
				CLANG_ANALYZER_NUMBER_OBJECT_CONVERSION = YES_AGGRESSIVE;
				CLANG_CXX_LANGUAGE_STANDARD = "gnu++14";
				CLANG_CXX_LIBRARY = "libc++";
				CLANG_ENABLE_MODULES = YES;
				CLANG_ENABLE_OBJC_ARC = YES;
				CLANG_ENABLE_OBJC_WEAK = YES;
				CLANG_WARN_BLOCK_CAPTURE_AUTORELEASING = YES;
				CLANG_WARN_BOOL_CONVERSION = YES;
				CLANG_WARN_COMMA = YES;
				CLANG_WARN_CONSTANT_CONVERSION = YES;
				CLANG_WARN_DEPRECATED_OBJC_IMPLEMENTATIONS = YES;
				CLANG_WARN_DIRECT_OBJC_ISA_USAGE = YES_ERROR;
				CLANG_WARN_DOCUMENTATION_COMMENTS = YES;
				CLANG_WARN_EMPTY_BODY = YES;
				CLANG_WARN_ENUM_CONVERSION = YES;
				CLANG_WARN_INFINITE_RECURSION = YES;
				CLANG_WARN_INT_CONVERSION = YES;
				CLANG_WARN_NON_LITERAL_NULL_CONVERSION = YES;
				CLANG_WARN_OBJC_IMPLICIT_RETAIN_SELF = YES;
				CLANG_WARN_OBJC_LITERAL_CONVERSION = YES;
				CLANG_WARN_OBJC_ROOT_CLASS = YES_ERROR;
				CLANG_WARN_RANGE_LOOP_ANALYSIS = YES;
				CLANG_WARN_STRICT_PROTOTYPES = YES;
				CLANG_WARN_SUSPICIOUS_MOVE = YES;
				CLANG_WARN_UNGUARDED_AVAILABILITY = YES_AGGRESSIVE;
				CLANG_WARN_UNREACHABLE_CODE = YES;
				CLANG_WARN__DUPLICATE_METHOD_MATCH = YES;
				CODE_SIGN_IDENTITY = "iPhone Developer";
				COPY_PHASE_STRIP = NO;
				DEBUG_INFORMATION_FORMAT = "dwarf-with-dsym";
				ENABLE_NS_ASSERTIONS = NO;
				ENABLE_STRICT_OBJC_MSGSEND = YES;
				GCC_C_LANGUAGE_STANDARD = gnu11;
				GCC_NO_COMMON_BLOCKS = YES;
				GCC_WARN_64_TO_32_BIT_CONVERSION = YES;
				GCC_WARN_ABOUT_RETURN_TYPE = YES_ERROR;
				GCC_WARN_UNDECLARED_SELECTOR = YES;
				GCC_WARN_UNINITIALIZED_AUTOS = YES_AGGRESSIVE;
				GCC_WARN_UNUSED_FUNCTION = YES;
				GCC_WARN_UNUSED_VARIABLE = YES;
				IPHONEOS_DEPLOYMENT_TARGET = 10.0;
				MTL_ENABLE_DEBUG_INFO = NO;
				MTL_FAST_MATH = YES;
				SDKROOT = iphoneos;
				SWIFT_COMPILATION_MODE = wholemodule;
				SWIFT_OPTIMIZATION_LEVEL = "-O";
				VALIDATE_PRODUCT = YES;
			};
			name = Release;
		};
		28E6B79E2262109500E43C83 /* Debug */ = {
			isa = XCBuildConfiguration;
			baseConfigurationReference = 36BF1201E621B75EEE391125 /* Pods-Monetizr-v3-sample-app.debug.xcconfig */;
			buildSettings = {
				ASSETCATALOG_COMPILER_APPICON_NAME = AppIcon;
				CODE_SIGN_ENTITLEMENTS = "Monetizr-v3-sample-app/Monetizr-v3-sample-app.entitlements";
				CODE_SIGN_STYLE = Automatic;
				DEVELOPMENT_TEAM = MU2MFS2855;
				INFOPLIST_FILE = "Monetizr-v3-sample-app/Info.plist";
				IPHONEOS_DEPLOYMENT_TARGET = 10.0;
				LD_RUNPATH_SEARCH_PATHS = (
					"$(inherited)",
					"@executable_path/Frameworks",
				);
				MARKETING_VERSION = 3.1.5;
				PRODUCT_BUNDLE_IDENTIFIER = "lv.e-life.Monetizr-v3-sample-app";
				PRODUCT_NAME = "$(TARGET_NAME)";
				SWIFT_VERSION = 5.0;
				TARGETED_DEVICE_FAMILY = "1,2";
			};
			name = Debug;
		};
		28E6B79F2262109500E43C83 /* Release */ = {
			isa = XCBuildConfiguration;
			baseConfigurationReference = 77A3F60495AE31152A231C31 /* Pods-Monetizr-v3-sample-app.release.xcconfig */;
			buildSettings = {
				ASSETCATALOG_COMPILER_APPICON_NAME = AppIcon;
				CODE_SIGN_ENTITLEMENTS = "Monetizr-v3-sample-app/Monetizr-v3-sample-app.entitlements";
				CODE_SIGN_STYLE = Automatic;
				DEVELOPMENT_TEAM = MU2MFS2855;
				INFOPLIST_FILE = "Monetizr-v3-sample-app/Info.plist";
				IPHONEOS_DEPLOYMENT_TARGET = 10.0;
				LD_RUNPATH_SEARCH_PATHS = (
					"$(inherited)",
					"@executable_path/Frameworks",
				);
				MARKETING_VERSION = 3.1.5;
				PRODUCT_BUNDLE_IDENTIFIER = "lv.e-life.Monetizr-v3-sample-app";
				PRODUCT_NAME = "$(TARGET_NAME)";
				SWIFT_VERSION = 5.0;
				TARGETED_DEVICE_FAMILY = "1,2";
			};
			name = Release;
		};
/* End XCBuildConfiguration section */

/* Begin XCConfigurationList section */
		28E6B7862262109300E43C83 /* Build configuration list for PBXProject "Monetizr-v3-sample-app" */ = {
			isa = XCConfigurationList;
			buildConfigurations = (
				28E6B79B2262109500E43C83 /* Debug */,
				28E6B79C2262109500E43C83 /* Release */,
			);
			defaultConfigurationIsVisible = 0;
			defaultConfigurationName = Release;
		};
		28E6B79D2262109500E43C83 /* Build configuration list for PBXNativeTarget "Monetizr-v3-sample-app" */ = {
			isa = XCConfigurationList;
			buildConfigurations = (
				28E6B79E2262109500E43C83 /* Debug */,
				28E6B79F2262109500E43C83 /* Release */,
			);
			defaultConfigurationIsVisible = 0;
			defaultConfigurationName = Release;
		};
/* End XCConfigurationList section */
	};
	rootObject = 28E6B7832262109300E43C83 /* Project object */;
}
