// !$*UTF8*$!
{
	archiveVersion = 1;
	classes = {
	};
	objectVersion = 51;
	objects = {

/* Begin PBXBuildFile section */
		2800F2D52412E28700FF7A8A /* UpdateCheckoutRequest.swift in Sources */ = {isa = PBXBuildFile; fileRef = 2800F2D42412E28700FF7A8A /* UpdateCheckoutRequest.swift */; };
		2800F2D72415083B00FF7A8A /* CheckoutAddress.swift in Sources */ = {isa = PBXBuildFile; fileRef = 2800F2D62415083B00FF7A8A /* CheckoutAddress.swift */; };
		2810B1CC2358E85600E04235 /* expand-down-black@2x.png in Resources */ = {isa = PBXBuildFile; fileRef = 2810B1C82358E85600E04235 /* expand-down-black@2x.png */; };
		2810B1CD2358E85600E04235 /* expand-down-white@2x.png in Resources */ = {isa = PBXBuildFile; fileRef = 2810B1C92358E85600E04235 /* expand-down-white@2x.png */; };
		2810B1CE2358E85600E04235 /* expand-down-white@3x.png in Resources */ = {isa = PBXBuildFile; fileRef = 2810B1CA2358E85600E04235 /* expand-down-white@3x.png */; };
		2810B1CF2358E85600E04235 /* expand-down-black@3x.png in Resources */ = {isa = PBXBuildFile; fileRef = 2810B1CB2358E85600E04235 /* expand-down-black@3x.png */; };
		283F7E71242AB30100C919FF /* PaymentResponse.swift in Sources */ = {isa = PBXBuildFile; fileRef = 283F7E70242AB30100C919FF /* PaymentResponse.swift */; };
		28591EB023564B4200611353 /* Styles.swift in Sources */ = {isa = PBXBuildFile; fileRef = 28591EAF23564B4200611353 /* Styles.swift */; };
		285AFAA52447533E0038B8D5 /* MediaSlideshow.swift in Sources */ = {isa = PBXBuildFile; fileRef = 285AFAA42447533E0038B8D5 /* MediaSlideshow.swift */; };
		285AFAB0244795610038B8D5 /* PageIndicator.swift in Sources */ = {isa = PBXBuildFile; fileRef = 285AFAA62447955E0038B8D5 /* PageIndicator.swift */; };
		285AFAB1244795610038B8D5 /* UIImageView+Tools.swift in Sources */ = {isa = PBXBuildFile; fileRef = 285AFAA72447955E0038B8D5 /* UIImageView+Tools.swift */; };
		285AFAB2244795610038B8D5 /* SwiftSupport.swift in Sources */ = {isa = PBXBuildFile; fileRef = 285AFAA82447955E0038B8D5 /* SwiftSupport.swift */; };
		285AFAB4244795610038B8D5 /* InputSource.swift in Sources */ = {isa = PBXBuildFile; fileRef = 285AFAAA2447955F0038B8D5 /* InputSource.swift */; };
		285AFAB5244795610038B8D5 /* MediaSlideshowItem.swift in Sources */ = {isa = PBXBuildFile; fileRef = 285AFAAB2447955F0038B8D5 /* MediaSlideshowItem.swift */; };
		285AFAB6244795610038B8D5 /* PageIndicatorPosition.swift in Sources */ = {isa = PBXBuildFile; fileRef = 285AFAAC244795600038B8D5 /* PageIndicatorPosition.swift */; };
		285AFAB7244795610038B8D5 /* ActivityIndicator.swift in Sources */ = {isa = PBXBuildFile; fileRef = 285AFAAD244795600038B8D5 /* ActivityIndicator.swift */; };
		285AFAB9244795610038B8D5 /* UIImage+AspectFit.swift in Sources */ = {isa = PBXBuildFile; fileRef = 285AFAAF244795610038B8D5 /* UIImage+AspectFit.swift */; };
		285AFABB244797080038B8D5 /* AlamofireSource.swift in Sources */ = {isa = PBXBuildFile; fileRef = 285AFABA244797080038B8D5 /* AlamofireSource.swift */; };
		2866FC7E241C44610053CE4A /* country-data.json in Resources */ = {isa = PBXBuildFile; fileRef = 2866FC7D241C44610053CE4A /* country-data.json */; };
		2866FC80241C46020053CE4A /* CountryCatalog.swift in Sources */ = {isa = PBXBuildFile; fileRef = 2866FC7F241C46020053CE4A /* CountryCatalog.swift */; };
		28A32D062337E7C7004F1A5E /* ProductDescriptionScrollView.swift in Sources */ = {isa = PBXBuildFile; fileRef = 28A32D052337E7C7004F1A5E /* ProductDescriptionScrollView.swift */; };
		28A32D082337FD22004F1A5E /* VariantSelectionHeaderView.swift in Sources */ = {isa = PBXBuildFile; fileRef = 28A32D072337FD22004F1A5E /* VariantSelectionHeaderView.swift */; };
		28AE865522C6D279005F2D2D /* Localizable.strings in Resources */ = {isa = PBXBuildFile; fileRef = 28AE864B22C6D279005F2D2D /* Localizable.strings */; };
		28AE865622C6D279005F2D2D /* ProductViewController.swift in Sources */ = {isa = PBXBuildFile; fileRef = 28AE864D22C6D279005F2D2D /* ProductViewController.swift */; };
		28AE865722C6D279005F2D2D /* ActivityIndicatorPresenter.swift in Sources */ = {isa = PBXBuildFile; fileRef = 28AE864E22C6D279005F2D2D /* ActivityIndicatorPresenter.swift */; };
		28AE865822C6D279005F2D2D /* VariantSelectionViewController.swift in Sources */ = {isa = PBXBuildFile; fileRef = 28AE864F22C6D279005F2D2D /* VariantSelectionViewController.swift */; };
		28AE865922C6D279005F2D2D /* Monetizr.swift in Sources */ = {isa = PBXBuildFile; fileRef = 28AE865022C6D279005F2D2D /* Monetizr.swift */; };
		28AE865A22C6D279005F2D2D /* Extensions.swift in Sources */ = {isa = PBXBuildFile; fileRef = 28AE865122C6D279005F2D2D /* Extensions.swift */; };
		28AE865B22C6D279005F2D2D /* Product.swift in Sources */ = {isa = PBXBuildFile; fileRef = 28AE865222C6D279005F2D2D /* Product.swift */; };
		28AE865C22C6D279005F2D2D /* CheckoutResponse.swift in Sources */ = {isa = PBXBuildFile; fileRef = 28AE865322C6D279005F2D2D /* CheckoutResponse.swift */; };
		28AE865D22C6D279005F2D2D /* Device.swift in Sources */ = {isa = PBXBuildFile; fileRef = 28AE865422C6D279005F2D2D /* Device.swift */; };
		28D6A5BB244F8C3400FEDE30 /* FullScreenSlideshowViewController.swift in Sources */ = {isa = PBXBuildFile; fileRef = 28D6A5BA244F8C3400FEDE30 /* FullScreenSlideshowViewController.swift */; };
		28D6A5C0244F939F00FEDE30 /* ic_cross_white@2x.png in Resources */ = {isa = PBXBuildFile; fileRef = 28D6A5BE244F939E00FEDE30 /* ic_cross_white@2x.png */; };
		28D6A5C1244F939F00FEDE30 /* ic_cross_white@3x.png in Resources */ = {isa = PBXBuildFile; fileRef = 28D6A5BF244F939F00FEDE30 /* ic_cross_white@3x.png */; };
		28E5BB63241AC94B00529823 /* AddressInputLabel.swift in Sources */ = {isa = PBXBuildFile; fileRef = 28E5BB62241AC94B00529823 /* AddressInputLabel.swift */; };
		28E6B78F2262109300E43C83 /* AppDelegate.swift in Sources */ = {isa = PBXBuildFile; fileRef = 28E6B78E2262109300E43C83 /* AppDelegate.swift */; };
		28E6B7912262109300E43C83 /* ViewController.swift in Sources */ = {isa = PBXBuildFile; fileRef = 28E6B7902262109300E43C83 /* ViewController.swift */; };
		28E6B7942262109300E43C83 /* Main.storyboard in Resources */ = {isa = PBXBuildFile; fileRef = 28E6B7922262109300E43C83 /* Main.storyboard */; };
		28E6B7962262109500E43C83 /* Assets.xcassets in Resources */ = {isa = PBXBuildFile; fileRef = 28E6B7952262109500E43C83 /* Assets.xcassets */; };
		28E6B7992262109500E43C83 /* LaunchScreen.storyboard in Resources */ = {isa = PBXBuildFile; fileRef = 28E6B7972262109500E43C83 /* LaunchScreen.storyboard */; };
		28E7C0DC240C120C00A6D9AE /* ClaimItemViewController.swift in Sources */ = {isa = PBXBuildFile; fileRef = 28E7C0DB240C120C00A6D9AE /* ClaimItemViewController.swift */; };
		28E7C0DE240C16BC00A6D9AE /* Claim.swift in Sources */ = {isa = PBXBuildFile; fileRef = 28E7C0DD240C16BC00A6D9AE /* Claim.swift */; };
		28F1AAA5230B11D30039FF7E /* ApplePayViewController.swift in Sources */ = {isa = PBXBuildFile; fileRef = 28F1AAA4230B11D30039FF7E /* ApplePayViewController.swift */; };
		28FE13892430095A00A37BA9 /* PaymentStatus.swift in Sources */ = {isa = PBXBuildFile; fileRef = 28FE13882430095A00A37BA9 /* PaymentStatus.swift */; };
		F17B7801DCFCEB8AFD9A8583 /* Pods_Monetizr_v3_sample_app.framework in Frameworks */ = {isa = PBXBuildFile; fileRef = 65559E57BADEC403D653B27A /* Pods_Monetizr_v3_sample_app.framework */; };
/* End PBXBuildFile section */

/* Begin PBXFileReference section */
		2800F2D42412E28700FF7A8A /* UpdateCheckoutRequest.swift */ = {isa = PBXFileReference; lastKnownFileType = sourcecode.swift; path = UpdateCheckoutRequest.swift; sourceTree = "<group>"; };
		2800F2D62415083B00FF7A8A /* CheckoutAddress.swift */ = {isa = PBXFileReference; lastKnownFileType = sourcecode.swift; path = CheckoutAddress.swift; sourceTree = "<group>"; };
		2810B1C82358E85600E04235 /* expand-down-black@2x.png */ = {isa = PBXFileReference; lastKnownFileType = image.png; path = "expand-down-black@2x.png"; sourceTree = "<group>"; };
		2810B1C92358E85600E04235 /* expand-down-white@2x.png */ = {isa = PBXFileReference; lastKnownFileType = image.png; path = "expand-down-white@2x.png"; sourceTree = "<group>"; };
		2810B1CA2358E85600E04235 /* expand-down-white@3x.png */ = {isa = PBXFileReference; lastKnownFileType = image.png; path = "expand-down-white@3x.png"; sourceTree = "<group>"; };
		2810B1CB2358E85600E04235 /* expand-down-black@3x.png */ = {isa = PBXFileReference; lastKnownFileType = image.png; path = "expand-down-black@3x.png"; sourceTree = "<group>"; };
		283F7E70242AB30100C919FF /* PaymentResponse.swift */ = {isa = PBXFileReference; lastKnownFileType = sourcecode.swift; path = PaymentResponse.swift; sourceTree = "<group>"; };
		28591EAF23564B4200611353 /* Styles.swift */ = {isa = PBXFileReference; lastKnownFileType = sourcecode.swift; path = Styles.swift; sourceTree = "<group>"; };
		285AFAA42447533E0038B8D5 /* MediaSlideshow.swift */ = {isa = PBXFileReference; lastKnownFileType = sourcecode.swift; path = MediaSlideshow.swift; sourceTree = "<group>"; };
		285AFAA62447955E0038B8D5 /* PageIndicator.swift */ = {isa = PBXFileReference; fileEncoding = 4; lastKnownFileType = sourcecode.swift; path = PageIndicator.swift; sourceTree = "<group>"; };
		285AFAA72447955E0038B8D5 /* UIImageView+Tools.swift */ = {isa = PBXFileReference; fileEncoding = 4; lastKnownFileType = sourcecode.swift; path = "UIImageView+Tools.swift"; sourceTree = "<group>"; };
		285AFAA82447955E0038B8D5 /* SwiftSupport.swift */ = {isa = PBXFileReference; fileEncoding = 4; lastKnownFileType = sourcecode.swift; path = SwiftSupport.swift; sourceTree = "<group>"; };
		285AFAAA2447955F0038B8D5 /* InputSource.swift */ = {isa = PBXFileReference; fileEncoding = 4; lastKnownFileType = sourcecode.swift; path = InputSource.swift; sourceTree = "<group>"; };
		285AFAAB2447955F0038B8D5 /* MediaSlideshowItem.swift */ = {isa = PBXFileReference; fileEncoding = 4; lastKnownFileType = sourcecode.swift; path = MediaSlideshowItem.swift; sourceTree = "<group>"; };
		285AFAAC244795600038B8D5 /* PageIndicatorPosition.swift */ = {isa = PBXFileReference; fileEncoding = 4; lastKnownFileType = sourcecode.swift; path = PageIndicatorPosition.swift; sourceTree = "<group>"; };
		285AFAAD244795600038B8D5 /* ActivityIndicator.swift */ = {isa = PBXFileReference; fileEncoding = 4; lastKnownFileType = sourcecode.swift; path = ActivityIndicator.swift; sourceTree = "<group>"; };
		285AFAAF244795610038B8D5 /* UIImage+AspectFit.swift */ = {isa = PBXFileReference; fileEncoding = 4; lastKnownFileType = sourcecode.swift; path = "UIImage+AspectFit.swift"; sourceTree = "<group>"; };
		285AFABA244797080038B8D5 /* AlamofireSource.swift */ = {isa = PBXFileReference; fileEncoding = 4; lastKnownFileType = sourcecode.swift; path = AlamofireSource.swift; sourceTree = "<group>"; };
		285F7F2B23A8D912007A79FD /* es */ = {isa = PBXFileReference; lastKnownFileType = text.plist.strings; name = es; path = es.lproj/Main.strings; sourceTree = "<group>"; };
		285F7F2C23A8D912007A79FD /* es */ = {isa = PBXFileReference; lastKnownFileType = text.plist.strings; name = es; path = es.lproj/Localizable.strings; sourceTree = "<group>"; };
		285F7F2D23A9407A007A79FD /* af */ = {isa = PBXFileReference; lastKnownFileType = text.plist.strings; name = af; path = af.lproj/Main.strings; sourceTree = "<group>"; };
		285F7F2E23A9407A007A79FD /* af */ = {isa = PBXFileReference; lastKnownFileType = text.plist.strings; name = af; path = af.lproj/Localizable.strings; sourceTree = "<group>"; };
		285F7F2F23A940D3007A79FD /* de */ = {isa = PBXFileReference; lastKnownFileType = text.plist.strings; name = de; path = de.lproj/Main.strings; sourceTree = "<group>"; };
		285F7F3023A940D3007A79FD /* de */ = {isa = PBXFileReference; lastKnownFileType = text.plist.strings; name = de; path = de.lproj/Localizable.strings; sourceTree = "<group>"; };
		285F7F3123A942C4007A79FD /* es-AR */ = {isa = PBXFileReference; lastKnownFileType = text.plist.strings; name = "es-AR"; path = "es-AR.lproj/Main.strings"; sourceTree = "<group>"; };
		285F7F3223A942C4007A79FD /* es-AR */ = {isa = PBXFileReference; lastKnownFileType = text.plist.strings; name = "es-AR"; path = "es-AR.lproj/Localizable.strings"; sourceTree = "<group>"; };
		285F7F3323A9438B007A79FD /* es-MX */ = {isa = PBXFileReference; lastKnownFileType = text.plist.strings; name = "es-MX"; path = "es-MX.lproj/Main.strings"; sourceTree = "<group>"; };
		285F7F3423A9438B007A79FD /* es-MX */ = {isa = PBXFileReference; lastKnownFileType = text.plist.strings; name = "es-MX"; path = "es-MX.lproj/Localizable.strings"; sourceTree = "<group>"; };
		285F7F3523A9442D007A79FD /* es-UY */ = {isa = PBXFileReference; lastKnownFileType = text.plist.strings; name = "es-UY"; path = "es-UY.lproj/Main.strings"; sourceTree = "<group>"; };
		285F7F3623A9442D007A79FD /* es-UY */ = {isa = PBXFileReference; lastKnownFileType = text.plist.strings; name = "es-UY"; path = "es-UY.lproj/Localizable.strings"; sourceTree = "<group>"; };
		285F7F3723A94503007A79FD /* fr */ = {isa = PBXFileReference; lastKnownFileType = text.plist.strings; name = fr; path = fr.lproj/Main.strings; sourceTree = "<group>"; };
		285F7F3823A94503007A79FD /* fr */ = {isa = PBXFileReference; lastKnownFileType = text.plist.strings; name = fr; path = fr.lproj/Localizable.strings; sourceTree = "<group>"; };
		285F7F3923A94548007A79FD /* he */ = {isa = PBXFileReference; lastKnownFileType = text.plist.strings; name = he; path = he.lproj/Main.strings; sourceTree = "<group>"; };
		285F7F3A23A94548007A79FD /* he */ = {isa = PBXFileReference; lastKnownFileType = text.plist.strings; name = he; path = he.lproj/Localizable.strings; sourceTree = "<group>"; };
		285F7F3B23A94928007A79FD /* it */ = {isa = PBXFileReference; lastKnownFileType = text.plist.strings; name = it; path = it.lproj/Main.strings; sourceTree = "<group>"; };
		285F7F3C23A94928007A79FD /* it */ = {isa = PBXFileReference; lastKnownFileType = text.plist.strings; name = it; path = it.lproj/Localizable.strings; sourceTree = "<group>"; };
		285F7F3D23A949DA007A79FD /* ko */ = {isa = PBXFileReference; lastKnownFileType = text.plist.strings; name = ko; path = ko.lproj/Main.strings; sourceTree = "<group>"; };
		285F7F3E23A949DA007A79FD /* ko */ = {isa = PBXFileReference; lastKnownFileType = text.plist.strings; name = ko; path = ko.lproj/Localizable.strings; sourceTree = "<group>"; };
		285F7F3F23A94A20007A79FD /* nb */ = {isa = PBXFileReference; lastKnownFileType = text.plist.strings; name = nb; path = nb.lproj/Main.strings; sourceTree = "<group>"; };
		285F7F4023A94A20007A79FD /* nb */ = {isa = PBXFileReference; lastKnownFileType = text.plist.strings; name = nb; path = nb.lproj/Localizable.strings; sourceTree = "<group>"; };
		285F7F4123A94A74007A79FD /* pt-BR */ = {isa = PBXFileReference; lastKnownFileType = text.plist.strings; name = "pt-BR"; path = "pt-BR.lproj/Main.strings"; sourceTree = "<group>"; };
		285F7F4223A94A74007A79FD /* pt-BR */ = {isa = PBXFileReference; lastKnownFileType = text.plist.strings; name = "pt-BR"; path = "pt-BR.lproj/Localizable.strings"; sourceTree = "<group>"; };
		285F7F4323A94AA4007A79FD /* pt-PT */ = {isa = PBXFileReference; lastKnownFileType = text.plist.strings; name = "pt-PT"; path = "pt-PT.lproj/Main.strings"; sourceTree = "<group>"; };
		285F7F4423A94AA4007A79FD /* pt-PT */ = {isa = PBXFileReference; lastKnownFileType = text.plist.strings; name = "pt-PT"; path = "pt-PT.lproj/Localizable.strings"; sourceTree = "<group>"; };
		285F7F4523A94B06007A79FD /* sl */ = {isa = PBXFileReference; lastKnownFileType = text.plist.strings; name = sl; path = sl.lproj/Main.strings; sourceTree = "<group>"; };
		285F7F4623A94B06007A79FD /* sl */ = {isa = PBXFileReference; lastKnownFileType = text.plist.strings; name = sl; path = sl.lproj/Localizable.strings; sourceTree = "<group>"; };
		2866FC7D241C44610053CE4A /* country-data.json */ = {isa = PBXFileReference; fileEncoding = 4; lastKnownFileType = text.json; path = "country-data.json"; sourceTree = "<group>"; };
		2866FC7F241C46020053CE4A /* CountryCatalog.swift */ = {isa = PBXFileReference; lastKnownFileType = sourcecode.swift; path = CountryCatalog.swift; sourceTree = "<group>"; };
		2897E16F2301DACB00C4A2DE /* Monetizr-v3-sample-app.entitlements */ = {isa = PBXFileReference; lastKnownFileType = text.plist.entitlements; path = "Monetizr-v3-sample-app.entitlements"; sourceTree = "<group>"; };
		28A32D052337E7C7004F1A5E /* ProductDescriptionScrollView.swift */ = {isa = PBXFileReference; lastKnownFileType = sourcecode.swift; path = ProductDescriptionScrollView.swift; sourceTree = "<group>"; };
		28A32D072337FD22004F1A5E /* VariantSelectionHeaderView.swift */ = {isa = PBXFileReference; lastKnownFileType = sourcecode.swift; path = VariantSelectionHeaderView.swift; sourceTree = "<group>"; };
		28AE864C22C6D279005F2D2D /* en */ = {isa = PBXFileReference; lastKnownFileType = text.plist.strings; name = en; path = en.lproj/Localizable.strings; sourceTree = "<group>"; };
		28AE864D22C6D279005F2D2D /* ProductViewController.swift */ = {isa = PBXFileReference; fileEncoding = 4; lastKnownFileType = sourcecode.swift; path = ProductViewController.swift; sourceTree = "<group>"; };
		28AE864E22C6D279005F2D2D /* ActivityIndicatorPresenter.swift */ = {isa = PBXFileReference; fileEncoding = 4; lastKnownFileType = sourcecode.swift; path = ActivityIndicatorPresenter.swift; sourceTree = "<group>"; };
		28AE864F22C6D279005F2D2D /* VariantSelectionViewController.swift */ = {isa = PBXFileReference; fileEncoding = 4; lastKnownFileType = sourcecode.swift; path = VariantSelectionViewController.swift; sourceTree = "<group>"; };
		28AE865022C6D279005F2D2D /* Monetizr.swift */ = {isa = PBXFileReference; fileEncoding = 4; lastKnownFileType = sourcecode.swift; path = Monetizr.swift; sourceTree = "<group>"; };
		28AE865122C6D279005F2D2D /* Extensions.swift */ = {isa = PBXFileReference; fileEncoding = 4; lastKnownFileType = sourcecode.swift; path = Extensions.swift; sourceTree = "<group>"; };
		28AE865222C6D279005F2D2D /* Product.swift */ = {isa = PBXFileReference; fileEncoding = 4; lastKnownFileType = sourcecode.swift; path = Product.swift; sourceTree = "<group>"; };
		28AE865322C6D279005F2D2D /* CheckoutResponse.swift */ = {isa = PBXFileReference; fileEncoding = 4; lastKnownFileType = sourcecode.swift; path = CheckoutResponse.swift; sourceTree = "<group>"; };
		28AE865422C6D279005F2D2D /* Device.swift */ = {isa = PBXFileReference; fileEncoding = 4; lastKnownFileType = sourcecode.swift; path = Device.swift; sourceTree = "<group>"; };
		28D6A5BA244F8C3400FEDE30 /* FullScreenSlideshowViewController.swift */ = {isa = PBXFileReference; fileEncoding = 4; lastKnownFileType = sourcecode.swift; path = FullScreenSlideshowViewController.swift; sourceTree = "<group>"; };
		28D6A5BE244F939E00FEDE30 /* ic_cross_white@2x.png */ = {isa = PBXFileReference; lastKnownFileType = image.png; path = "ic_cross_white@2x.png"; sourceTree = "<group>"; };
		28D6A5BF244F939F00FEDE30 /* ic_cross_white@3x.png */ = {isa = PBXFileReference; lastKnownFileType = image.png; path = "ic_cross_white@3x.png"; sourceTree = "<group>"; };
		28E5BB62241AC94B00529823 /* AddressInputLabel.swift */ = {isa = PBXFileReference; lastKnownFileType = sourcecode.swift; path = AddressInputLabel.swift; sourceTree = "<group>"; };
		28E6B78B2262109300E43C83 /* Monetizr-v3-sample-app.app */ = {isa = PBXFileReference; explicitFileType = wrapper.application; includeInIndex = 0; path = "Monetizr-v3-sample-app.app"; sourceTree = BUILT_PRODUCTS_DIR; };
		28E6B78E2262109300E43C83 /* AppDelegate.swift */ = {isa = PBXFileReference; lastKnownFileType = sourcecode.swift; path = AppDelegate.swift; sourceTree = "<group>"; };
		28E6B7902262109300E43C83 /* ViewController.swift */ = {isa = PBXFileReference; lastKnownFileType = sourcecode.swift; path = ViewController.swift; sourceTree = "<group>"; };
		28E6B7932262109300E43C83 /* Base */ = {isa = PBXFileReference; lastKnownFileType = file.storyboard; name = Base; path = Base.lproj/Main.storyboard; sourceTree = "<group>"; };
		28E6B7952262109500E43C83 /* Assets.xcassets */ = {isa = PBXFileReference; lastKnownFileType = folder.assetcatalog; path = Assets.xcassets; sourceTree = "<group>"; };
		28E6B7982262109500E43C83 /* Base */ = {isa = PBXFileReference; lastKnownFileType = file.storyboard; name = Base; path = Base.lproj/LaunchScreen.storyboard; sourceTree = "<group>"; };
		28E6B79A2262109500E43C83 /* Info.plist */ = {isa = PBXFileReference; lastKnownFileType = text.plist.xml; path = Info.plist; sourceTree = "<group>"; };
		28E7C0DB240C120C00A6D9AE /* ClaimItemViewController.swift */ = {isa = PBXFileReference; lastKnownFileType = sourcecode.swift; path = ClaimItemViewController.swift; sourceTree = "<group>"; };
		28E7C0DD240C16BC00A6D9AE /* Claim.swift */ = {isa = PBXFileReference; lastKnownFileType = sourcecode.swift; path = Claim.swift; sourceTree = "<group>"; };
		28F1AAA4230B11D30039FF7E /* ApplePayViewController.swift */ = {isa = PBXFileReference; lastKnownFileType = sourcecode.swift; path = ApplePayViewController.swift; sourceTree = "<group>"; };
		28F55FC2246B1A530083FFBA /* ka */ = {isa = PBXFileReference; lastKnownFileType = text.plist.strings; name = ka; path = ka.lproj/Main.strings; sourceTree = "<group>"; };
		28F55FC3246B1A530083FFBA /* ka */ = {isa = PBXFileReference; lastKnownFileType = text.plist.strings; name = ka; path = ka.lproj/Localizable.strings; sourceTree = "<group>"; };
		28F55FC4246B1A730083FFBA /* ka-GE */ = {isa = PBXFileReference; lastKnownFileType = text.plist.strings; name = "ka-GE"; path = "ka-GE.lproj/Main.strings"; sourceTree = "<group>"; };
		28F55FC5246B1A730083FFBA /* ka-GE */ = {isa = PBXFileReference; lastKnownFileType = text.plist.strings; name = "ka-GE"; path = "ka-GE.lproj/Localizable.strings"; sourceTree = "<group>"; };
		28F55FC6246B1BC00083FFBA /* pl-PL */ = {isa = PBXFileReference; lastKnownFileType = text.plist.strings; name = "pl-PL"; path = "pl-PL.lproj/Main.strings"; sourceTree = "<group>"; };
		28F55FC7246B1BC00083FFBA /* pl-PL */ = {isa = PBXFileReference; lastKnownFileType = text.plist.strings; name = "pl-PL"; path = "pl-PL.lproj/Localizable.strings"; sourceTree = "<group>"; };
		28F55FC8246B1BCF0083FFBA /* ru */ = {isa = PBXFileReference; lastKnownFileType = text.plist.strings; name = ru; path = ru.lproj/Main.strings; sourceTree = "<group>"; };
		28F55FC9246B1BD00083FFBA /* ru */ = {isa = PBXFileReference; lastKnownFileType = text.plist.strings; name = ru; path = ru.lproj/Localizable.strings; sourceTree = "<group>"; };
		28F55FCA246B1BE20083FFBA /* ja */ = {isa = PBXFileReference; lastKnownFileType = text.plist.strings; name = ja; path = ja.lproj/Main.strings; sourceTree = "<group>"; };
		28F55FCB246B1BE30083FFBA /* ja */ = {isa = PBXFileReference; lastKnownFileType = text.plist.strings; name = ja; path = ja.lproj/Localizable.strings; sourceTree = "<group>"; };
		28F55FCC246B1BEF0083FFBA /* nl */ = {isa = PBXFileReference; lastKnownFileType = text.plist.strings; name = nl; path = nl.lproj/Main.strings; sourceTree = "<group>"; };
		28F55FCD246B1BEF0083FFBA /* nl */ = {isa = PBXFileReference; lastKnownFileType = text.plist.strings; name = nl; path = nl.lproj/Localizable.strings; sourceTree = "<group>"; };
		28FE13882430095A00A37BA9 /* PaymentStatus.swift */ = {isa = PBXFileReference; lastKnownFileType = sourcecode.swift; path = PaymentStatus.swift; sourceTree = "<group>"; };
		36BF1201E621B75EEE391125 /* Pods-Monetizr-v3-sample-app.debug.xcconfig */ = {isa = PBXFileReference; includeInIndex = 1; lastKnownFileType = text.xcconfig; name = "Pods-Monetizr-v3-sample-app.debug.xcconfig"; path = "Target Support Files/Pods-Monetizr-v3-sample-app/Pods-Monetizr-v3-sample-app.debug.xcconfig"; sourceTree = "<group>"; };
		65559E57BADEC403D653B27A /* Pods_Monetizr_v3_sample_app.framework */ = {isa = PBXFileReference; explicitFileType = wrapper.framework; includeInIndex = 0; path = Pods_Monetizr_v3_sample_app.framework; sourceTree = BUILT_PRODUCTS_DIR; };
		77A3F60495AE31152A231C31 /* Pods-Monetizr-v3-sample-app.release.xcconfig */ = {isa = PBXFileReference; includeInIndex = 1; lastKnownFileType = text.xcconfig; name = "Pods-Monetizr-v3-sample-app.release.xcconfig"; path = "Target Support Files/Pods-Monetizr-v3-sample-app/Pods-Monetizr-v3-sample-app.release.xcconfig"; sourceTree = "<group>"; };
/* End PBXFileReference section */

/* Begin PBXFrameworksBuildPhase section */
		28E6B7882262109300E43C83 /* Frameworks */ = {
			isa = PBXFrameworksBuildPhase;
			buildActionMask = 2147483647;
			files = (
				F17B7801DCFCEB8AFD9A8583 /* Pods_Monetizr_v3_sample_app.framework in Frameworks */,
			);
			runOnlyForDeploymentPostprocessing = 0;
		};
/* End PBXFrameworksBuildPhase section */

/* Begin PBXGroup section */
		2847C68223422BCD004EE18B /* Assets */ = {
			isa = PBXGroup;
			children = (
				2810B1C82358E85600E04235 /* expand-down-black@2x.png */,
				2810B1CB2358E85600E04235 /* expand-down-black@3x.png */,
				2810B1C92358E85600E04235 /* expand-down-white@2x.png */,
				2810B1CA2358E85600E04235 /* expand-down-white@3x.png */,
				28D6A5BE244F939E00FEDE30 /* ic_cross_white@2x.png */,
				28D6A5BF244F939F00FEDE30 /* ic_cross_white@3x.png */,
			);
			path = Assets;
			sourceTree = "<group>";
		};
		285AFAA3244752690038B8D5 /* MediaSlideshow */ = {
			isa = PBXGroup;
			children = (
				285AFABA244797080038B8D5 /* AlamofireSource.swift */,
				285AFAA42447533E0038B8D5 /* MediaSlideshow.swift */,
				285AFAAD244795600038B8D5 /* ActivityIndicator.swift */,
				285AFAAB2447955F0038B8D5 /* MediaSlideshowItem.swift */,
				285AFAAA2447955F0038B8D5 /* InputSource.swift */,
				285AFAA62447955E0038B8D5 /* PageIndicator.swift */,
				285AFAAC244795600038B8D5 /* PageIndicatorPosition.swift */,
				285AFAA82447955E0038B8D5 /* SwiftSupport.swift */,
				285AFAAF244795610038B8D5 /* UIImage+AspectFit.swift */,
				285AFAA72447955E0038B8D5 /* UIImageView+Tools.swift */,
				28D6A5BA244F8C3400FEDE30 /* FullScreenSlideshowViewController.swift */,
			);
			path = MediaSlideshow;
			sourceTree = "<group>";
		};
		28AE864A22C6D279005F2D2D /* Monetizr-SDK */ = {
			isa = PBXGroup;
			children = (
				285AFAA3244752690038B8D5 /* MediaSlideshow */,
				2847C68223422BCD004EE18B /* Assets */,
				28AE864B22C6D279005F2D2D /* Localizable.strings */,
				2866FC7D241C44610053CE4A /* country-data.json */,
				28FE13872430073400A37BA9 /* Structs */,
				28AE864D22C6D279005F2D2D /* ProductViewController.swift */,
				28AE864E22C6D279005F2D2D /* ActivityIndicatorPresenter.swift */,
				28AE864F22C6D279005F2D2D /* VariantSelectionViewController.swift */,
				28AE865022C6D279005F2D2D /* Monetizr.swift */,
				28AE865122C6D279005F2D2D /* Extensions.swift */,
				28591EAF23564B4200611353 /* Styles.swift */,
				28E5BB62241AC94B00529823 /* AddressInputLabel.swift */,
				28AE865422C6D279005F2D2D /* Device.swift */,
				28F1AAA4230B11D30039FF7E /* ApplePayViewController.swift */,
				28E7C0DB240C120C00A6D9AE /* ClaimItemViewController.swift */,
				28A32D052337E7C7004F1A5E /* ProductDescriptionScrollView.swift */,
				28A32D072337FD22004F1A5E /* VariantSelectionHeaderView.swift */,
			);
			name = "Monetizr-SDK";
			path = "../Monetizr-SDK";
			sourceTree = "<group>";
		};
		28E6B7822262109300E43C83 = {
			isa = PBXGroup;
			children = (
				28AE864A22C6D279005F2D2D /* Monetizr-SDK */,
				28E6B78D2262109300E43C83 /* Monetizr-v3-sample-app */,
				28E6B78C2262109300E43C83 /* Products */,
				B17220C86D22AF95575764A2 /* Pods */,
				D91D4358D49DE1A2E982E2E0 /* Frameworks */,
			);
			sourceTree = "<group>";
		};
		28E6B78C2262109300E43C83 /* Products */ = {
			isa = PBXGroup;
			children = (
				28E6B78B2262109300E43C83 /* Monetizr-v3-sample-app.app */,
			);
			name = Products;
			sourceTree = "<group>";
		};
		28E6B78D2262109300E43C83 /* Monetizr-v3-sample-app */ = {
			isa = PBXGroup;
			children = (
				2897E16F2301DACB00C4A2DE /* Monetizr-v3-sample-app.entitlements */,
				28E6B78E2262109300E43C83 /* AppDelegate.swift */,
				28E6B7902262109300E43C83 /* ViewController.swift */,
				28E6B7922262109300E43C83 /* Main.storyboard */,
				28E6B7952262109500E43C83 /* Assets.xcassets */,
				28E6B7972262109500E43C83 /* LaunchScreen.storyboard */,
				28E6B79A2262109500E43C83 /* Info.plist */,
			);
			path = "Monetizr-v3-sample-app";
			sourceTree = "<group>";
		};
		28FE13872430073400A37BA9 /* Structs */ = {
			isa = PBXGroup;
			children = (
				2866FC7F241C46020053CE4A /* CountryCatalog.swift */,
				28AE865222C6D279005F2D2D /* Product.swift */,
				28E7C0DD240C16BC00A6D9AE /* Claim.swift */,
				2800F2D42412E28700FF7A8A /* UpdateCheckoutRequest.swift */,
				2800F2D62415083B00FF7A8A /* CheckoutAddress.swift */,
				28AE865322C6D279005F2D2D /* CheckoutResponse.swift */,
				283F7E70242AB30100C919FF /* PaymentResponse.swift */,
				28FE13882430095A00A37BA9 /* PaymentStatus.swift */,
			);
			path = Structs;
			sourceTree = "<group>";
		};
		B17220C86D22AF95575764A2 /* Pods */ = {
			isa = PBXGroup;
			children = (
				36BF1201E621B75EEE391125 /* Pods-Monetizr-v3-sample-app.debug.xcconfig */,
				77A3F60495AE31152A231C31 /* Pods-Monetizr-v3-sample-app.release.xcconfig */,
			);
			path = Pods;
			sourceTree = "<group>";
		};
		D91D4358D49DE1A2E982E2E0 /* Frameworks */ = {
			isa = PBXGroup;
			children = (
				65559E57BADEC403D653B27A /* Pods_Monetizr_v3_sample_app.framework */,
			);
			name = Frameworks;
			sourceTree = "<group>";
		};
/* End PBXGroup section */

/* Begin PBXNativeTarget section */
		28E6B78A2262109300E43C83 /* Monetizr-v3-sample-app */ = {
			isa = PBXNativeTarget;
			buildConfigurationList = 28E6B79D2262109500E43C83 /* Build configuration list for PBXNativeTarget "Monetizr-v3-sample-app" */;
			buildPhases = (
				96B072E0839DE602660D6096 /* [CP] Check Pods Manifest.lock */,
				28E6B7872262109300E43C83 /* Sources */,
				28E6B7882262109300E43C83 /* Frameworks */,
				28E6B7A02262195300E43C83 /* ShellScript */,
				28E6B7892262109300E43C83 /* Resources */,
				26FB94B6EC1EDD0A548CFF8B /* [CP] Embed Pods Frameworks */,
			);
			buildRules = (
			);
			dependencies = (
			);
			name = "Monetizr-v3-sample-app";
			productName = "Monetizr-v3-sample-app";
			productReference = 28E6B78B2262109300E43C83 /* Monetizr-v3-sample-app.app */;
			productType = "com.apple.product-type.application";
		};
/* End PBXNativeTarget section */

/* Begin PBXProject section */
		28E6B7832262109300E43C83 /* Project object */ = {
			isa = PBXProject;
			attributes = {
				LastSwiftUpdateCheck = 1020;
				LastUpgradeCheck = 1020;
				ORGANIZATIONNAME = Monetizr;
				TargetAttributes = {
					28E6B78A2262109300E43C83 = {
						CreatedOnToolsVersion = 10.2;
						SystemCapabilities = {
							com.apple.ApplePay = {
								enabled = 1;
							};
						};
					};
				};
			};
			buildConfigurationList = 28E6B7862262109300E43C83 /* Build configuration list for PBXProject "Monetizr-v3-sample-app" */;
			compatibilityVersion = "Xcode 9.3";
			developmentRegion = en;
			hasScannedForEncodings = 0;
			knownRegions = (
				en,
				Base,
				es,
				af,
				de,
				"es-AR",
				"es-MX",
				"es-UY",
				fr,
				he,
				it,
				ko,
				nb,
				"pt-BR",
				"pt-PT",
				sl,
				ka,
				"ka-GE",
				"pl-PL",
				ru,
				ja,
				nl,
			);
			mainGroup = 28E6B7822262109300E43C83;
			productRefGroup = 28E6B78C2262109300E43C83 /* Products */;
			projectDirPath = "";
			projectRoot = "";
			targets = (
				28E6B78A2262109300E43C83 /* Monetizr-v3-sample-app */,
			);
		};
/* End PBXProject section */

/* Begin PBXResourcesBuildPhase section */
		28E6B7892262109300E43C83 /* Resources */ = {
			isa = PBXResourcesBuildPhase;
			buildActionMask = 2147483647;
			files = (
				2810B1CD2358E85600E04235 /* expand-down-white@2x.png in Resources */,
				28E6B7992262109500E43C83 /* LaunchScreen.storyboard in Resources */,
				28D6A5C1244F939F00FEDE30 /* ic_cross_white@3x.png in Resources */,
				28AE865522C6D279005F2D2D /* Localizable.strings in Resources */,
				28E6B7962262109500E43C83 /* Assets.xcassets in Resources */,
				2810B1CE2358E85600E04235 /* expand-down-white@3x.png in Resources */,
				2810B1CF2358E85600E04235 /* expand-down-black@3x.png in Resources */,
				2810B1CC2358E85600E04235 /* expand-down-black@2x.png in Resources */,
				28E6B7942262109300E43C83 /* Main.storyboard in Resources */,
				2866FC7E241C44610053CE4A /* country-data.json in Resources */,
				28D6A5C0244F939F00FEDE30 /* ic_cross_white@2x.png in Resources */,
			);
			runOnlyForDeploymentPostprocessing = 0;
		};
/* End PBXResourcesBuildPhase section */

/* Begin PBXShellScriptBuildPhase section */
		26FB94B6EC1EDD0A548CFF8B /* [CP] Embed Pods Frameworks */ = {
			isa = PBXShellScriptBuildPhase;
			buildActionMask = 2147483647;
			files = (
			);
			inputFileListPaths = (
				"${PODS_ROOT}/Target Support Files/Pods-Monetizr-v3-sample-app/Pods-Monetizr-v3-sample-app-frameworks-${CONFIGURATION}-input-files.xcfilelist",
			);
			name = "[CP] Embed Pods Frameworks";
			outputFileListPaths = (
				"${PODS_ROOT}/Target Support Files/Pods-Monetizr-v3-sample-app/Pods-Monetizr-v3-sample-app-frameworks-${CONFIGURATION}-output-files.xcfilelist",
			);
			runOnlyForDeploymentPostprocessing = 0;
			shellPath = /bin/sh;
			shellScript = "\"${PODS_ROOT}/Target Support Files/Pods-Monetizr-v3-sample-app/Pods-Monetizr-v3-sample-app-frameworks.sh\"\n";
			showEnvVarsInLog = 0;
		};
		28E6B7A02262195300E43C83 /* ShellScript */ = {
			isa = PBXShellScriptBuildPhase;
			buildActionMask = 2147483647;
			files = (
			);
			inputFileListPaths = (
			);
			inputPaths = (
			);
			outputFileListPaths = (
			);
			outputPaths = (
			);
			runOnlyForDeploymentPostprocessing = 0;
			shellPath = /bin/sh;
			shellScript = "
";
		};
		96B072E0839DE602660D6096 /* [CP] Check Pods Manifest.lock */ = {
			isa = PBXShellScriptBuildPhase;
			buildActionMask = 2147483647;
			files = (
			);
			inputFileListPaths = (
			);
			inputPaths = (
				"${PODS_PODFILE_DIR_PATH}/Podfile.lock",
				"${PODS_ROOT}/Manifest.lock",
			);
			name = "[CP] Check Pods Manifest.lock";
			outputFileListPaths = (
			);
			outputPaths = (
				"$(DERIVED_FILE_DIR)/Pods-Monetizr-v3-sample-app-checkManifestLockResult.txt",
			);
			runOnlyForDeploymentPostprocessing = 0;
			shellPath = /bin/sh;
			shellScript = "diff \"${PODS_PODFILE_DIR_PATH}/Podfile.lock\" \"${PODS_ROOT}/Manifest.lock\" > /dev/null\nif [ $? != 0 ] ; then\n    # print error to STDERR\n    echo \"error: The sandbox is not in sync with the Podfile.lock. Run 'pod install' or update your CocoaPods installation.\" >&2\n    exit 1\nfi\n# This output is used by Xcode 'outputs' to avoid re-running this script phase.\necho \"SUCCESS\" > \"${SCRIPT_OUTPUT_FILE_0}\"\n";
			showEnvVarsInLog = 0;
		};
/* End PBXShellScriptBuildPhase section */

/* Begin PBXSourcesBuildPhase section */
		28E6B7872262109300E43C83 /* Sources */ = {
			isa = PBXSourcesBuildPhase;
			buildActionMask = 2147483647;
			files = (
				28A32D062337E7C7004F1A5E /* ProductDescriptionScrollView.swift in Sources */,
				28591EB023564B4200611353 /* Styles.swift in Sources */,
				285AFAA52447533E0038B8D5 /* MediaSlideshow.swift in Sources */,
				28AE865622C6D279005F2D2D /* ProductViewController.swift in Sources */,
				28AE865B22C6D279005F2D2D /* Product.swift in Sources */,
				28AE865922C6D279005F2D2D /* Monetizr.swift in Sources */,
				28E7C0DE240C16BC00A6D9AE /* Claim.swift in Sources */,
				285AFAB1244795610038B8D5 /* UIImageView+Tools.swift in Sources */,
				28AE865C22C6D279005F2D2D /* CheckoutResponse.swift in Sources */,
				285AFAB9244795610038B8D5 /* UIImage+AspectFit.swift in Sources */,
				28D6A5BB244F8C3400FEDE30 /* FullScreenSlideshowViewController.swift in Sources */,
				285AFAB2244795610038B8D5 /* SwiftSupport.swift in Sources */,
				28E5BB63241AC94B00529823 /* AddressInputLabel.swift in Sources */,
				28FE13892430095A00A37BA9 /* PaymentStatus.swift in Sources */,
				2800F2D72415083B00FF7A8A /* CheckoutAddress.swift in Sources */,
				285AFABB244797080038B8D5 /* AlamofireSource.swift in Sources */,
				285AFAB4244795610038B8D5 /* InputSource.swift in Sources */,
				285AFAB6244795610038B8D5 /* PageIndicatorPosition.swift in Sources */,
				28E6B7912262109300E43C83 /* ViewController.swift in Sources */,
				28AE865722C6D279005F2D2D /* ActivityIndicatorPresenter.swift in Sources */,
				28E6B78F2262109300E43C83 /* AppDelegate.swift in Sources */,
				28AE865822C6D279005F2D2D /* VariantSelectionViewController.swift in Sources */,
				28A32D082337FD22004F1A5E /* VariantSelectionHeaderView.swift in Sources */,
				285AFAB0244795610038B8D5 /* PageIndicator.swift in Sources */,
				2800F2D52412E28700FF7A8A /* UpdateCheckoutRequest.swift in Sources */,
				28E7C0DC240C120C00A6D9AE /* ClaimItemViewController.swift in Sources */,
				285AFAB7244795610038B8D5 /* ActivityIndicator.swift in Sources */,
				283F7E71242AB30100C919FF /* PaymentResponse.swift in Sources */,
				28AE865A22C6D279005F2D2D /* Extensions.swift in Sources */,
				285AFAB5244795610038B8D5 /* MediaSlideshowItem.swift in Sources */,
				28F1AAA5230B11D30039FF7E /* ApplePayViewController.swift in Sources */,
				2866FC80241C46020053CE4A /* CountryCatalog.swift in Sources */,
				28AE865D22C6D279005F2D2D /* Device.swift in Sources */,
			);
			runOnlyForDeploymentPostprocessing = 0;
		};
/* End PBXSourcesBuildPhase section */

/* Begin PBXVariantGroup section */
		28AE864B22C6D279005F2D2D /* Localizable.strings */ = {
			isa = PBXVariantGroup;
			children = (
				28AE864C22C6D279005F2D2D /* en */,
				285F7F2C23A8D912007A79FD /* es */,
				285F7F2E23A9407A007A79FD /* af */,
				285F7F3023A940D3007A79FD /* de */,
				285F7F3223A942C4007A79FD /* es-AR */,
				285F7F3423A9438B007A79FD /* es-MX */,
				285F7F3623A9442D007A79FD /* es-UY */,
				285F7F3823A94503007A79FD /* fr */,
				285F7F3A23A94548007A79FD /* he */,
				285F7F3C23A94928007A79FD /* it */,
				285F7F3E23A949DA007A79FD /* ko */,
				285F7F4023A94A20007A79FD /* nb */,
				285F7F4223A94A74007A79FD /* pt-BR */,
				285F7F4423A94AA4007A79FD /* pt-PT */,
				285F7F4623A94B06007A79FD /* sl */,
				28F55FC3246B1A530083FFBA /* ka */,
				28F55FC5246B1A730083FFBA /* ka-GE */,
				28F55FC7246B1BC00083FFBA /* pl-PL */,
				28F55FC9246B1BD00083FFBA /* ru */,
				28F55FCB246B1BE30083FFBA /* ja */,
				28F55FCD246B1BEF0083FFBA /* nl */,
			);
			name = Localizable.strings;
			sourceTree = "<group>";
		};
		28E6B7922262109300E43C83 /* Main.storyboard */ = {
			isa = PBXVariantGroup;
			children = (
				28E6B7932262109300E43C83 /* Base */,
				285F7F2B23A8D912007A79FD /* es */,
				285F7F2D23A9407A007A79FD /* af */,
				285F7F2F23A940D3007A79FD /* de */,
				285F7F3123A942C4007A79FD /* es-AR */,
				285F7F3323A9438B007A79FD /* es-MX */,
				285F7F3523A9442D007A79FD /* es-UY */,
				285F7F3723A94503007A79FD /* fr */,
				285F7F3923A94548007A79FD /* he */,
				285F7F3B23A94928007A79FD /* it */,
				285F7F3D23A949DA007A79FD /* ko */,
				285F7F3F23A94A20007A79FD /* nb */,
				285F7F4123A94A74007A79FD /* pt-BR */,
				285F7F4323A94AA4007A79FD /* pt-PT */,
				285F7F4523A94B06007A79FD /* sl */,
				28F55FC2246B1A530083FFBA /* ka */,
				28F55FC4246B1A730083FFBA /* ka-GE */,
				28F55FC6246B1BC00083FFBA /* pl-PL */,
				28F55FC8246B1BCF0083FFBA /* ru */,
				28F55FCA246B1BE20083FFBA /* ja */,
				28F55FCC246B1BEF0083FFBA /* nl */,
			);
			name = Main.storyboard;
			sourceTree = "<group>";
		};
		28E6B7972262109500E43C83 /* LaunchScreen.storyboard */ = {
			isa = PBXVariantGroup;
			children = (
				28E6B7982262109500E43C83 /* Base */,
			);
			name = LaunchScreen.storyboard;
			sourceTree = "<group>";
		};
/* End PBXVariantGroup section */

/* Begin XCBuildConfiguration section */
		28E6B79B2262109500E43C83 /* Debug */ = {
			isa = XCBuildConfiguration;
			buildSettings = {
				ALWAYS_SEARCH_USER_PATHS = NO;
				CLANG_ANALYZER_LOCALIZABILITY_NONLOCALIZED = YES;
				CLANG_ANALYZER_NONNULL = YES;
				CLANG_ANALYZER_NUMBER_OBJECT_CONVERSION = YES_AGGRESSIVE;
				CLANG_CXX_LANGUAGE_STANDARD = "gnu++14";
				CLANG_CXX_LIBRARY = "libc++";
				CLANG_ENABLE_MODULES = YES;
				CLANG_ENABLE_OBJC_ARC = YES;
				CLANG_ENABLE_OBJC_WEAK = YES;
				CLANG_WARN_BLOCK_CAPTURE_AUTORELEASING = YES;
				CLANG_WARN_BOOL_CONVERSION = YES;
				CLANG_WARN_COMMA = YES;
				CLANG_WARN_CONSTANT_CONVERSION = YES;
				CLANG_WARN_DEPRECATED_OBJC_IMPLEMENTATIONS = YES;
				CLANG_WARN_DIRECT_OBJC_ISA_USAGE = YES_ERROR;
				CLANG_WARN_DOCUMENTATION_COMMENTS = YES;
				CLANG_WARN_EMPTY_BODY = YES;
				CLANG_WARN_ENUM_CONVERSION = YES;
				CLANG_WARN_INFINITE_RECURSION = YES;
				CLANG_WARN_INT_CONVERSION = YES;
				CLANG_WARN_NON_LITERAL_NULL_CONVERSION = YES;
				CLANG_WARN_OBJC_IMPLICIT_RETAIN_SELF = YES;
				CLANG_WARN_OBJC_LITERAL_CONVERSION = YES;
				CLANG_WARN_OBJC_ROOT_CLASS = YES_ERROR;
				CLANG_WARN_RANGE_LOOP_ANALYSIS = YES;
				CLANG_WARN_STRICT_PROTOTYPES = YES;
				CLANG_WARN_SUSPICIOUS_MOVE = YES;
				CLANG_WARN_UNGUARDED_AVAILABILITY = YES_AGGRESSIVE;
				CLANG_WARN_UNREACHABLE_CODE = YES;
				CLANG_WARN__DUPLICATE_METHOD_MATCH = YES;
				CODE_SIGN_IDENTITY = "iPhone Developer";
				COPY_PHASE_STRIP = NO;
				DEBUG_INFORMATION_FORMAT = dwarf;
				ENABLE_STRICT_OBJC_MSGSEND = YES;
				ENABLE_TESTABILITY = YES;
				GCC_C_LANGUAGE_STANDARD = gnu11;
				GCC_DYNAMIC_NO_PIC = NO;
				GCC_NO_COMMON_BLOCKS = YES;
				GCC_OPTIMIZATION_LEVEL = 0;
				GCC_PREPROCESSOR_DEFINITIONS = (
					"DEBUG=1",
					"$(inherited)",
				);
				GCC_WARN_64_TO_32_BIT_CONVERSION = YES;
				GCC_WARN_ABOUT_RETURN_TYPE = YES_ERROR;
				GCC_WARN_UNDECLARED_SELECTOR = YES;
				GCC_WARN_UNINITIALIZED_AUTOS = YES_AGGRESSIVE;
				GCC_WARN_UNUSED_FUNCTION = YES;
				GCC_WARN_UNUSED_VARIABLE = YES;
				IPHONEOS_DEPLOYMENT_TARGET = 10.0;
				MTL_ENABLE_DEBUG_INFO = INCLUDE_SOURCE;
				MTL_FAST_MATH = YES;
				ONLY_ACTIVE_ARCH = YES;
				SDKROOT = iphoneos;
				SWIFT_ACTIVE_COMPILATION_CONDITIONS = DEBUG;
				SWIFT_OPTIMIZATION_LEVEL = "-Onone";
			};
			name = Debug;
		};
		28E6B79C2262109500E43C83 /* Release */ = {
			isa = XCBuildConfiguration;
			buildSettings = {
				ALWAYS_SEARCH_USER_PATHS = NO;
				CLANG_ANALYZER_LOCALIZABILITY_NONLOCALIZED = YES;
				CLANG_ANALYZER_NONNULL = YES;
				CLANG_ANALYZER_NUMBER_OBJECT_CONVERSION = YES_AGGRESSIVE;
				CLANG_CXX_LANGUAGE_STANDARD = "gnu++14";
				CLANG_CXX_LIBRARY = "libc++";
				CLANG_ENABLE_MODULES = YES;
				CLANG_ENABLE_OBJC_ARC = YES;
				CLANG_ENABLE_OBJC_WEAK = YES;
				CLANG_WARN_BLOCK_CAPTURE_AUTORELEASING = YES;
				CLANG_WARN_BOOL_CONVERSION = YES;
				CLANG_WARN_COMMA = YES;
				CLANG_WARN_CONSTANT_CONVERSION = YES;
				CLANG_WARN_DEPRECATED_OBJC_IMPLEMENTATIONS = YES;
				CLANG_WARN_DIRECT_OBJC_ISA_USAGE = YES_ERROR;
				CLANG_WARN_DOCUMENTATION_COMMENTS = YES;
				CLANG_WARN_EMPTY_BODY = YES;
				CLANG_WARN_ENUM_CONVERSION = YES;
				CLANG_WARN_INFINITE_RECURSION = YES;
				CLANG_WARN_INT_CONVERSION = YES;
				CLANG_WARN_NON_LITERAL_NULL_CONVERSION = YES;
				CLANG_WARN_OBJC_IMPLICIT_RETAIN_SELF = YES;
				CLANG_WARN_OBJC_LITERAL_CONVERSION = YES;
				CLANG_WARN_OBJC_ROOT_CLASS = YES_ERROR;
				CLANG_WARN_RANGE_LOOP_ANALYSIS = YES;
				CLANG_WARN_STRICT_PROTOTYPES = YES;
				CLANG_WARN_SUSPICIOUS_MOVE = YES;
				CLANG_WARN_UNGUARDED_AVAILABILITY = YES_AGGRESSIVE;
				CLANG_WARN_UNREACHABLE_CODE = YES;
				CLANG_WARN__DUPLICATE_METHOD_MATCH = YES;
				CODE_SIGN_IDENTITY = "iPhone Developer";
				COPY_PHASE_STRIP = NO;
				DEBUG_INFORMATION_FORMAT = "dwarf-with-dsym";
				ENABLE_NS_ASSERTIONS = NO;
				ENABLE_STRICT_OBJC_MSGSEND = YES;
				GCC_C_LANGUAGE_STANDARD = gnu11;
				GCC_NO_COMMON_BLOCKS = YES;
				GCC_WARN_64_TO_32_BIT_CONVERSION = YES;
				GCC_WARN_ABOUT_RETURN_TYPE = YES_ERROR;
				GCC_WARN_UNDECLARED_SELECTOR = YES;
				GCC_WARN_UNINITIALIZED_AUTOS = YES_AGGRESSIVE;
				GCC_WARN_UNUSED_FUNCTION = YES;
				GCC_WARN_UNUSED_VARIABLE = YES;
				IPHONEOS_DEPLOYMENT_TARGET = 10.0;
				MTL_ENABLE_DEBUG_INFO = NO;
				MTL_FAST_MATH = YES;
				SDKROOT = iphoneos;
				SWIFT_COMPILATION_MODE = wholemodule;
				SWIFT_OPTIMIZATION_LEVEL = "-O";
				VALIDATE_PRODUCT = YES;
			};
			name = Release;
		};
		28E6B79E2262109500E43C83 /* Debug */ = {
			isa = XCBuildConfiguration;
			baseConfigurationReference = 36BF1201E621B75EEE391125 /* Pods-Monetizr-v3-sample-app.debug.xcconfig */;
			buildSettings = {
				ASSETCATALOG_COMPILER_APPICON_NAME = AppIcon;
				CODE_SIGN_ENTITLEMENTS = "Monetizr-v3-sample-app/Monetizr-v3-sample-app.entitlements";
				CODE_SIGN_STYLE = Automatic;
				CURRENT_PROJECT_VERSION = 2160;
				DEVELOPMENT_TEAM = MU2MFS2855;
				INFOPLIST_FILE = "Monetizr-v3-sample-app/Info.plist";
				IPHONEOS_DEPLOYMENT_TARGET = 10.0;
				LD_RUNPATH_SEARCH_PATHS = (
					"$(inherited)",
					"@executable_path/Frameworks",
				);
				MARKETING_VERSION = 3.5.3;
				PRODUCT_BUNDLE_IDENTIFIER = "lv.e-life.Monetizr-v3-sample-app";
				PRODUCT_NAME = "$(TARGET_NAME)";
				SWIFT_VERSION = 5.0;
				TARGETED_DEVICE_FAMILY = "1,2";
			};
			name = Debug;
		};
		28E6B79F2262109500E43C83 /* Release */ = {
			isa = XCBuildConfiguration;
			baseConfigurationReference = 77A3F60495AE31152A231C31 /* Pods-Monetizr-v3-sample-app.release.xcconfig */;
			buildSettings = {
				ASSETCATALOG_COMPILER_APPICON_NAME = AppIcon;
				CODE_SIGN_ENTITLEMENTS = "Monetizr-v3-sample-app/Monetizr-v3-sample-app.entitlements";
				CODE_SIGN_STYLE = Automatic;
				CURRENT_PROJECT_VERSION = 2160;
				DEVELOPMENT_TEAM = MU2MFS2855;
				INFOPLIST_FILE = "Monetizr-v3-sample-app/Info.plist";
				IPHONEOS_DEPLOYMENT_TARGET = 10.0;
				LD_RUNPATH_SEARCH_PATHS = (
					"$(inherited)",
					"@executable_path/Frameworks",
				);
				MARKETING_VERSION = 3.5.3;
				PRODUCT_BUNDLE_IDENTIFIER = "lv.e-life.Monetizr-v3-sample-app";
				PRODUCT_NAME = "$(TARGET_NAME)";
				SWIFT_VERSION = 5.0;
				TARGETED_DEVICE_FAMILY = "1,2";
			};
			name = Release;
		};
/* End XCBuildConfiguration section */

/* Begin XCConfigurationList section */
		28E6B7862262109300E43C83 /* Build configuration list for PBXProject "Monetizr-v3-sample-app" */ = {
			isa = XCConfigurationList;
			buildConfigurations = (
				28E6B79B2262109500E43C83 /* Debug */,
				28E6B79C2262109500E43C83 /* Release */,
			);
			defaultConfigurationIsVisible = 0;
			defaultConfigurationName = Release;
		};
		28E6B79D2262109500E43C83 /* Build configuration list for PBXNativeTarget "Monetizr-v3-sample-app" */ = {
			isa = XCConfigurationList;
			buildConfigurations = (
				28E6B79E2262109500E43C83 /* Debug */,
				28E6B79F2262109500E43C83 /* Release */,
			);
			defaultConfigurationIsVisible = 0;
			defaultConfigurationName = Release;
		};
/* End XCConfigurationList section */
	};
	rootObject = 28E6B7832262109300E43C83 /* Project object */;
}
